
Microsoft Visual Studio Solution File, Format Version 12.00
# Visual Studio 14
VisualStudioVersion = 14.0.25420.1
MinimumVisualStudioVersion = 10.0.40219.1
Project("{FAE04EC0-301F-11D3-BF4B-00C04F79EFBC}") = "EjecutableEncriptador", "EjecutableEncriptador\EjecutableEncriptador.csproj", "{355BFAC1-5E11-452B-ACD1-E29D96F11B12}"
EndProject
Project("{FAE04EC0-301F-11D3-BF4B-00C04F79EFBC}") = "Encriptador", "Encriptador\Encriptador.csproj", "{0969F8B3-EDCE-46AA-A7B2-01A10B99D7EF}"
EndProject
Project("{FAE04EC0-301F-11D3-BF4B-00C04F79EFBC}") = "Comun", "Comun\Comun.csproj", "{D43004BD-E235-41BE-B272-A05FC4FB9A96}"
EndProject
Project("{FAE04EC0-301F-11D3-BF4B-00C04F79EFBC}") = "Reporteador", "Reporteador\Reporteador.csproj", "{B2942D0B-1AF0-434C-A9B5-F090D8361E84}"
EndProject
Project("{FAE04EC0-301F-11D3-BF4B-00C04F79EFBC}") = "EMailManejador", "EMailManejador\EMailManejador.csproj", "{83B4098D-4F8A-41E5-9411-6E56A9AD24BF}"
EndProject
Project("{FAE04EC0-301F-11D3-BF4B-00C04F79EFBC}") = "MaquinaDeEstados", "MaquinaDeEstados\MaquinaDeEstados.csproj", "{3325D053-41AA-48A1-9166-11DC6AFEA8D7}"
EndProject
Project("{FAE04EC0-301F-11D3-BF4B-00C04F79EFBC}") = "QRCodeLib", "QRCodeLib\QRCodeLib.csproj", "{E98126B2-AF17-4783-96B9-856D6744DCA3}"
EndProject
Project("{FAE04EC0-301F-11D3-BF4B-00C04F79EFBC}") = "MyGeneration.dOOdads_2005", "..\..\..\_DevTools\MyGeneration.dOOdads\MyGeneration.dOOdads_2005.csproj", "{8666C149-F8D1-47CE-B5E2-BEE0BC844A9A}"
EndProject
Project("{930C7802-8A8C-48F9-8165-68863BCCD9DD}") = "cfdiSetup", "cfdiSetup\cfdiSetup.wixproj", "{C7429618-5339-489C-8B70-C9B4E963C184}"
EndProject
Project("{930C7802-8A8C-48F9-8165-68863BCCD9DD}") = "cfdiSqlSetup", "cfdiSqlSetup\cfdiSqlSetup.wixproj", "{8F3FA49C-223B-47AD-8390-C6AD7B132C68}"
EndProject
Global
	GlobalSection(SolutionConfigurationPlatforms) = preSolution
		Debug|Any CPU = Debug|Any CPU
		Debug|Mixed Platforms = Debug|Mixed Platforms
		Debug|x86 = Debug|x86
		Release|Any CPU = Release|Any CPU
		Release|Mixed Platforms = Release|Mixed Platforms
		Release|x86 = Release|x86
	EndGlobalSection
	GlobalSection(ProjectConfigurationPlatforms) = postSolution
		{355BFAC1-5E11-452B-ACD1-E29D96F11B12}.Debug|Any CPU.ActiveCfg = Debug|Any CPU
		{355BFAC1-5E11-452B-ACD1-E29D96F11B12}.Debug|Any CPU.Build.0 = Debug|Any CPU
		{355BFAC1-5E11-452B-ACD1-E29D96F11B12}.Debug|Mixed Platforms.ActiveCfg = Debug|x86
		{355BFAC1-5E11-452B-ACD1-E29D96F11B12}.Debug|Mixed Platforms.Build.0 = Debug|x86
		{355BFAC1-5E11-452B-ACD1-E29D96F11B12}.Debug|x86.ActiveCfg = Debug|x86
		{355BFAC1-5E11-452B-ACD1-E29D96F11B12}.Debug|x86.Build.0 = Debug|x86
		{355BFAC1-5E11-452B-ACD1-E29D96F11B12}.Release|Any CPU.ActiveCfg = Release|Any CPU
		{355BFAC1-5E11-452B-ACD1-E29D96F11B12}.Release|Any CPU.Build.0 = Release|Any CPU
		{355BFAC1-5E11-452B-ACD1-E29D96F11B12}.Release|Mixed Platforms.ActiveCfg = Release|x86
		{355BFAC1-5E11-452B-ACD1-E29D96F11B12}.Release|Mixed Platforms.Build.0 = Release|x86
		{355BFAC1-5E11-452B-ACD1-E29D96F11B12}.Release|x86.ActiveCfg = Release|Any CPU
		{355BFAC1-5E11-452B-ACD1-E29D96F11B12}.Release|x86.Build.0 = Release|Any CPU
		{0969F8B3-EDCE-46AA-A7B2-01A10B99D7EF}.Debug|Any CPU.ActiveCfg = Debug|Any CPU
		{0969F8B3-EDCE-46AA-A7B2-01A10B99D7EF}.Debug|Any CPU.Build.0 = Debug|Any CPU
		{0969F8B3-EDCE-46AA-A7B2-01A10B99D7EF}.Debug|Mixed Platforms.ActiveCfg = Debug|x86
		{0969F8B3-EDCE-46AA-A7B2-01A10B99D7EF}.Debug|Mixed Platforms.Build.0 = Debug|x86
		{0969F8B3-EDCE-46AA-A7B2-01A10B99D7EF}.Debug|x86.ActiveCfg = Debug|x86
		{0969F8B3-EDCE-46AA-A7B2-01A10B99D7EF}.Debug|x86.Build.0 = Debug|x86
		{0969F8B3-EDCE-46AA-A7B2-01A10B99D7EF}.Release|Any CPU.ActiveCfg = Release|Any CPU
		{0969F8B3-EDCE-46AA-A7B2-01A10B99D7EF}.Release|Any CPU.Build.0 = Release|Any CPU
		{0969F8B3-EDCE-46AA-A7B2-01A10B99D7EF}.Release|Mixed Platforms.ActiveCfg = Release|x86
		{0969F8B3-EDCE-46AA-A7B2-01A10B99D7EF}.Release|Mixed Platforms.Build.0 = Release|x86
		{0969F8B3-EDCE-46AA-A7B2-01A10B99D7EF}.Release|x86.ActiveCfg = Release|Any CPU
		{0969F8B3-EDCE-46AA-A7B2-01A10B99D7EF}.Release|x86.Build.0 = Release|Any CPU
		{D43004BD-E235-41BE-B272-A05FC4FB9A96}.Debug|Any CPU.ActiveCfg = Debug|Any CPU
		{D43004BD-E235-41BE-B272-A05FC4FB9A96}.Debug|Any CPU.Build.0 = Debug|Any CPU
		{D43004BD-E235-41BE-B272-A05FC4FB9A96}.Debug|Mixed Platforms.ActiveCfg = Debug|x86
		{D43004BD-E235-41BE-B272-A05FC4FB9A96}.Debug|Mixed Platforms.Build.0 = Debug|x86
		{D43004BD-E235-41BE-B272-A05FC4FB9A96}.Debug|x86.ActiveCfg = Debug|x86
		{D43004BD-E235-41BE-B272-A05FC4FB9A96}.Debug|x86.Build.0 = Debug|x86
		{D43004BD-E235-41BE-B272-A05FC4FB9A96}.Release|Any CPU.ActiveCfg = Release|Any CPU
		{D43004BD-E235-41BE-B272-A05FC4FB9A96}.Release|Any CPU.Build.0 = Release|Any CPU
		{D43004BD-E235-41BE-B272-A05FC4FB9A96}.Release|Mixed Platforms.ActiveCfg = Release|x86
		{D43004BD-E235-41BE-B272-A05FC4FB9A96}.Release|Mixed Platforms.Build.0 = Release|x86
		{D43004BD-E235-41BE-B272-A05FC4FB9A96}.Release|x86.ActiveCfg = Release|Any CPU
		{D43004BD-E235-41BE-B272-A05FC4FB9A96}.Release|x86.Build.0 = Release|Any CPU
		{B2942D0B-1AF0-434C-A9B5-F090D8361E84}.Debug|Any CPU.ActiveCfg = Debug|Any CPU
		{B2942D0B-1AF0-434C-A9B5-F090D8361E84}.Debug|Any CPU.Build.0 = Debug|Any CPU
		{B2942D0B-1AF0-434C-A9B5-F090D8361E84}.Debug|Mixed Platforms.ActiveCfg = Debug|x86
		{B2942D0B-1AF0-434C-A9B5-F090D8361E84}.Debug|Mixed Platforms.Build.0 = Debug|x86
		{B2942D0B-1AF0-434C-A9B5-F090D8361E84}.Debug|x86.ActiveCfg = Debug|x86
		{B2942D0B-1AF0-434C-A9B5-F090D8361E84}.Debug|x86.Build.0 = Debug|x86
		{B2942D0B-1AF0-434C-A9B5-F090D8361E84}.Release|Any CPU.ActiveCfg = Release|Any CPU
		{B2942D0B-1AF0-434C-A9B5-F090D8361E84}.Release|Any CPU.Build.0 = Release|Any CPU
		{B2942D0B-1AF0-434C-A9B5-F090D8361E84}.Release|Mixed Platforms.ActiveCfg = Release|x86
		{B2942D0B-1AF0-434C-A9B5-F090D8361E84}.Release|Mixed Platforms.Build.0 = Release|x86
		{B2942D0B-1AF0-434C-A9B5-F090D8361E84}.Release|x86.ActiveCfg = Release|Any CPU
		{B2942D0B-1AF0-434C-A9B5-F090D8361E84}.Release|x86.Build.0 = Release|Any CPU
		{83B4098D-4F8A-41E5-9411-6E56A9AD24BF}.Debug|Any CPU.ActiveCfg = Debug|Any CPU
		{83B4098D-4F8A-41E5-9411-6E56A9AD24BF}.Debug|Any CPU.Build.0 = Debug|Any CPU
		{83B4098D-4F8A-41E5-9411-6E56A9AD24BF}.Debug|Mixed Platforms.ActiveCfg = Debug|Any CPU
		{83B4098D-4F8A-41E5-9411-6E56A9AD24BF}.Debug|Mixed Platforms.Build.0 = Debug|Any CPU
		{83B4098D-4F8A-41E5-9411-6E56A9AD24BF}.Debug|x86.ActiveCfg = Debug|Any CPU
		{83B4098D-4F8A-41E5-9411-6E56A9AD24BF}.Release|Any CPU.ActiveCfg = Release|Any CPU
		{83B4098D-4F8A-41E5-9411-6E56A9AD24BF}.Release|Any CPU.Build.0 = Release|Any CPU
		{83B4098D-4F8A-41E5-9411-6E56A9AD24BF}.Release|Mixed Platforms.ActiveCfg = Release|Any CPU
		{83B4098D-4F8A-41E5-9411-6E56A9AD24BF}.Release|Mixed Platforms.Build.0 = Release|Any CPU
		{83B4098D-4F8A-41E5-9411-6E56A9AD24BF}.Release|x86.ActiveCfg = Release|Any CPU
		{3325D053-41AA-48A1-9166-11DC6AFEA8D7}.Debug|Any CPU.ActiveCfg = Debug|Any CPU
		{3325D053-41AA-48A1-9166-11DC6AFEA8D7}.Debug|Any CPU.Build.0 = Debug|Any CPU
		{3325D053-41AA-48A1-9166-11DC6AFEA8D7}.Debug|Mixed Platforms.ActiveCfg = Debug|Any CPU
		{3325D053-41AA-48A1-9166-11DC6AFEA8D7}.Debug|Mixed Platforms.Build.0 = Debug|Any CPU
		{3325D053-41AA-48A1-9166-11DC6AFEA8D7}.Debug|x86.ActiveCfg = Debug|Any CPU
		{3325D053-41AA-48A1-9166-11DC6AFEA8D7}.Release|Any CPU.ActiveCfg = Release|Any CPU
		{3325D053-41AA-48A1-9166-11DC6AFEA8D7}.Release|Any CPU.Build.0 = Release|Any CPU
		{3325D053-41AA-48A1-9166-11DC6AFEA8D7}.Release|Mixed Platforms.ActiveCfg = Release|Any CPU
		{3325D053-41AA-48A1-9166-11DC6AFEA8D7}.Release|Mixed Platforms.Build.0 = Release|Any CPU
		{3325D053-41AA-48A1-9166-11DC6AFEA8D7}.Release|x86.ActiveCfg = Release|Any CPU
		{E98126B2-AF17-4783-96B9-856D6744DCA3}.Debug|Any CPU.ActiveCfg = Debug|Any CPU
		{E98126B2-AF17-4783-96B9-856D6744DCA3}.Debug|Any CPU.Build.0 = Debug|Any CPU
		{E98126B2-AF17-4783-96B9-856D6744DCA3}.Debug|Mixed Platforms.ActiveCfg = Debug|Any CPU
		{E98126B2-AF17-4783-96B9-856D6744DCA3}.Debug|Mixed Platforms.Build.0 = Debug|Any CPU
		{E98126B2-AF17-4783-96B9-856D6744DCA3}.Debug|x86.ActiveCfg = Debug|Any CPU
		{E98126B2-AF17-4783-96B9-856D6744DCA3}.Release|Any CPU.ActiveCfg = Release|Any CPU
		{E98126B2-AF17-4783-96B9-856D6744DCA3}.Release|Any CPU.Build.0 = Release|Any CPU
		{E98126B2-AF17-4783-96B9-856D6744DCA3}.Release|Mixed Platforms.ActiveCfg = Release|Any CPU
		{E98126B2-AF17-4783-96B9-856D6744DCA3}.Release|Mixed Platforms.Build.0 = Release|Any CPU
		{E98126B2-AF17-4783-96B9-856D6744DCA3}.Release|x86.ActiveCfg = Release|Any CPU
		{8666C149-F8D1-47CE-B5E2-BEE0BC844A9A}.Debug|Any CPU.ActiveCfg = Debug|Any CPU
		{8666C149-F8D1-47CE-B5E2-BEE0BC844A9A}.Debug|Any CPU.Build.0 = Debug|Any CPU
		{8666C149-F8D1-47CE-B5E2-BEE0BC844A9A}.Debug|Mixed Platforms.ActiveCfg = Debug|x86
		{8666C149-F8D1-47CE-B5E2-BEE0BC844A9A}.Debug|Mixed Platforms.Build.0 = Debug|x86
		{8666C149-F8D1-47CE-B5E2-BEE0BC844A9A}.Debug|x86.ActiveCfg = Debug|x86
		{8666C149-F8D1-47CE-B5E2-BEE0BC844A9A}.Debug|x86.Build.0 = Debug|x86
		{8666C149-F8D1-47CE-B5E2-BEE0BC844A9A}.Release|Any CPU.ActiveCfg = Release|Any CPU
		{8666C149-F8D1-47CE-B5E2-BEE0BC844A9A}.Release|Any CPU.Build.0 = Release|Any CPU
		{8666C149-F8D1-47CE-B5E2-BEE0BC844A9A}.Release|Mixed Platforms.ActiveCfg = Release|x86
		{8666C149-F8D1-47CE-B5E2-BEE0BC844A9A}.Release|Mixed Platforms.Build.0 = Release|x86
		{8666C149-F8D1-47CE-B5E2-BEE0BC844A9A}.Release|x86.ActiveCfg = Release|x86
		{8666C149-F8D1-47CE-B5E2-BEE0BC844A9A}.Release|x86.Build.0 = Release|x86
		{C7429618-5339-489C-8B70-C9B4E963C184}.Debug|Any CPU.ActiveCfg = Debug|x86
		{C7429618-5339-489C-8B70-C9B4E963C184}.Debug|Mixed Platforms.ActiveCfg = Debug|x86
		{C7429618-5339-489C-8B70-C9B4E963C184}.Debug|Mixed Platforms.Build.0 = Debug|x86
		{C7429618-5339-489C-8B70-C9B4E963C184}.Debug|x86.ActiveCfg = Debug|x86
		{C7429618-5339-489C-8B70-C9B4E963C184}.Debug|x86.Build.0 = Debug|x86
		{C7429618-5339-489C-8B70-C9B4E963C184}.Release|Any CPU.ActiveCfg = Release|x86
		{C7429618-5339-489C-8B70-C9B4E963C184}.Release|Mixed Platforms.ActiveCfg = Release|x86
		{C7429618-5339-489C-8B70-C9B4E963C184}.Release|Mixed Platforms.Build.0 = Release|x86
		{C7429618-5339-489C-8B70-C9B4E963C184}.Release|x86.ActiveCfg = Release|x86
		{C7429618-5339-489C-8B70-C9B4E963C184}.Release|x86.Build.0 = Release|x86
		{8F3FA49C-223B-47AD-8390-C6AD7B132C68}.Debug|Any CPU.ActiveCfg = Debug|x86
		{8F3FA49C-223B-47AD-8390-C6AD7B132C68}.Debug|Mixed Platforms.ActiveCfg = Debug|x86
		{8F3FA49C-223B-47AD-8390-C6AD7B132C68}.Debug|Mixed Platforms.Build.0 = Debug|x86
		{8F3FA49C-223B-47AD-8390-C6AD7B132C68}.Debug|x86.ActiveCfg = Debug|x86
		{8F3FA49C-223B-47AD-8390-C6AD7B132C68}.Debug|x86.Build.0 = Debug|x86
		{8F3FA49C-223B-47AD-8390-C6AD7B132C68}.Release|Any CPU.ActiveCfg = Release|x86
		{8F3FA49C-223B-47AD-8390-C6AD7B132C68}.Release|Mixed Platforms.ActiveCfg = Release|x86
		{8F3FA49C-223B-47AD-8390-C6AD7B132C68}.Release|Mixed Platforms.Build.0 = Release|x86
		{8F3FA49C-223B-47AD-8390-C6AD7B132C68}.Release|x86.ActiveCfg = Release|x86
		{8F3FA49C-223B-47AD-8390-C6AD7B132C68}.Release|x86.Build.0 = Release|x86
	EndGlobalSection
	GlobalSection(SolutionProperties) = preSolution
		HideSolutionNode = FALSE
	EndGlobalSection
EndGlobal
